
Microsoft Visual Studio Solution File, Format Version 12.00
# Visual Studio Version 16
VisualStudioVersion = 16.0.810.6
MinimumVisualStudioVersion = 10.0.40219.1
Project("{FAE04EC0-301F-11D3-BF4B-00C04F79EFBC}") = "ResizedFlyoutTest.Android", "ResizedFlyoutTest.Android\ResizedFlyoutTest.Android.csproj", "{BE1C4518-436D-402E-84CD-1524C560F97E}"
EndProject
Project("{FAE04EC0-301F-11D3-BF4B-00C04F79EFBC}") = "ResizedFlyoutTest.iOS", "ResizedFlyoutTest.iOS\ResizedFlyoutTest.iOS.csproj", "{586880A3-4875-4CF7-B91D-6292E82F9FB3}"
EndProject
Project("{FAE04EC0-301F-11D3-BF4B-00C04F79EFBC}") = "ResizedFlyoutTest", "ResizedFlyoutTest\ResizedFlyoutTest.csproj", "{F2A0D848-9B53-451F-9685-DBDB68DE91A7}"
EndProject
Global
	GlobalSection(SolutionConfigurationPlatforms) = preSolution
		Debug|Any CPU = Debug|Any CPU
		Release|Any CPU = Release|Any CPU
		Debug|iPhoneSimulator = Debug|iPhoneSimulator
		Release|iPhoneSimulator = Release|iPhoneSimulator
		Debug|iPhone = Debug|iPhone
		Release|iPhone = Release|iPhone
	EndGlobalSection
	GlobalSection(ProjectConfigurationPlatforms) = postSolution
		{BE1C4518-436D-402E-84CD-1524C560F97E}.Debug|Any CPU.ActiveCfg = Debug|Any CPU
		{BE1C4518-436D-402E-84CD-1524C560F97E}.Debug|Any CPU.Build.0 = Debug|Any CPU
		{BE1C4518-436D-402E-84CD-1524C560F97E}.Release|Any CPU.ActiveCfg = Release|Any CPU
		{BE1C4518-436D-402E-84CD-1524C560F97E}.Release|Any CPU.Build.0 = Release|Any CPU
		{BE1C4518-436D-402E-84CD-1524C560F97E}.Debug|iPhoneSimulator.ActiveCfg = Debug|Any CPU
		{BE1C4518-436D-402E-84CD-1524C560F97E}.Debug|iPhoneSimulator.Build.0 = Debug|Any CPU
		{BE1C4518-436D-402E-84CD-1524C560F97E}.Release|iPhoneSimulator.ActiveCfg = Release|Any CPU
		{BE1C4518-436D-402E-84CD-1524C560F97E}.Release|iPhoneSimulator.Build.0 = Release|Any CPU
		{BE1C4518-436D-402E-84CD-1524C560F97E}.Debug|iPhone.ActiveCfg = Debug|Any CPU
		{BE1C4518-436D-402E-84CD-1524C560F97E}.Debug|iPhone.Build.0 = Debug|Any CPU
		{BE1C4518-436D-402E-84CD-1524C560F97E}.Release|iPhone.ActiveCfg = Release|Any CPU
		{BE1C4518-436D-402E-84CD-1524C560F97E}.Release|iPhone.Build.0 = Release|Any CPU
		{586880A3-4875-4CF7-B91D-6292E82F9FB3}.Debug|Any CPU.ActiveCfg = Debug|iPhoneSimulator
		{586880A3-4875-4CF7-B91D-6292E82F9FB3}.Debug|Any CPU.Build.0 = Debug|iPhoneSimulator
		{586880A3-4875-4CF7-B91D-6292E82F9FB3}.Release|Any CPU.ActiveCfg = Release|iPhoneSimulator
		{586880A3-4875-4CF7-B91D-6292E82F9FB3}.Release|Any CPU.Build.0 = Release|iPhoneSimulator
		{586880A3-4875-4CF7-B91D-6292E82F9FB3}.Debug|iPhoneSimulator.ActiveCfg = Debug|iPhoneSimulator
		{586880A3-4875-4CF7-B91D-6292E82F9FB3}.Debug|iPhoneSimulator.Build.0 = Debug|iPhoneSimulator
		{586880A3-4875-4CF7-B91D-6292E82F9FB3}.Release|iPhoneSimulator.ActiveCfg = Release|iPhoneSimulator
		{586880A3-4875-4CF7-B91D-6292E82F9FB3}.Release|iPhoneSimulator.Build.0 = Release|iPhoneSimulator
		{586880A3-4875-4CF7-B91D-6292E82F9FB3}.Debug|iPhone.ActiveCfg = Debug|iPhone
		{586880A3-4875-4CF7-B91D-6292E82F9FB3}.Debug|iPhone.Build.0 = Debug|iPhone
		{586880A3-4875-4CF7-B91D-6292E82F9FB3}.Release|iPhone.ActiveCfg = Release|iPhone
		{586880A3-4875-4CF7-B91D-6292E82F9FB3}.Release|iPhone.Build.0 = Release|iPhone
		{F2A0D848-9B53-451F-9685-DBDB68DE91A7}.Debug|Any CPU.ActiveCfg = Debug|Any CPU
		{F2A0D848-9B53-451F-9685-DBDB68DE91A7}.Debug|Any CPU.Build.0 = Debug|Any CPU
		{F2A0D848-9B53-451F-9685-DBDB68DE91A7}.Release|Any CPU.ActiveCfg = Release|Any CPU
		{F2A0D848-9B53-451F-9685-DBDB68DE91A7}.Release|Any CPU.Build.0 = Release|Any CPU
		{F2A0D848-9B53-451F-9685-DBDB68DE91A7}.Debug|iPhoneSimulator.ActiveCfg = Debug|Any CPU
		{F2A0D848-9B53-451F-9685-DBDB68DE91A7}.Debug|iPhoneSimulator.Build.0 = Debug|Any CPU
		{F2A0D848-9B53-451F-9685-DBDB68DE91A7}.Release|iPhoneSimulator.ActiveCfg = Release|Any CPU
		{F2A0D848-9B53-451F-9685-DBDB68DE91A7}.Release|iPhoneSimulator.Build.0 = Release|Any CPU
		{F2A0D848-9B53-451F-9685-DBDB68DE91A7}.Debug|iPhone.ActiveCfg = Debug|Any CPU
		{F2A0D848-9B53-451F-9685-DBDB68DE91A7}.Debug|iPhone.Build.0 = Debug|Any CPU
		{F2A0D848-9B53-451F-9685-DBDB68DE91A7}.Release|iPhone.ActiveCfg = Release|Any CPU
		{F2A0D848-9B53-451F-9685-DBDB68DE91A7}.Release|iPhone.Build.0 = Release|Any CPU
	EndGlobalSection
	GlobalSection(SolutionProperties) = preSolution
		HideSolutionNode = FALSE
	EndGlobalSection
	GlobalSection(ExtensibilityGlobals) = postSolution
		SolutionGuid = {1B474C8B-CF1A-4D75-B02A-1FDB41052BE8}
	EndGlobalSection
EndGlobal
